
Microsoft Visual Studio Solution File, Format Version 12.00
# Visual Studio Version 16
VisualStudioVersion = 16.0.31515.178
MinimumVisualStudioVersion = 10.0.40219.1
Project("{FAE04EC0-301F-11D3-BF4B-00C04F79EFBC}") = "WindowsFormsMVVM", "WindowsFormsMVVM\WindowsFormsMVVM.csproj", "{3A1248D5-CA44-4092-A755-1589D7C56E4D}"
EndProject
Global
	GlobalSection(SolutionConfigurationPlatforms) = preSolution
		Debug|Any CPU = Debug|Any CPU
		Release|Any CPU = Release|Any CPU
	EndGlobalSection
	GlobalSection(ProjectConfigurationPlatforms) = postSolution
		{3A1248D5-CA44-4092-A755-1589D7C56E4D}.Debug|Any CPU.ActiveCfg = Debug|Any CPU
		{3A1248D5-CA44-4092-A755-1589D7C56E4D}.Debug|Any CPU.Build.0 = Debug|Any CPU
		{3A1248D5-CA44-4092-A755-1589D7C56E4D}.Release|Any CPU.ActiveCfg = Release|Any CPU
		{3A1248D5-CA44-4092-A755-1589D7C56E4D}.Release|Any CPU.Build.0 = Release|Any CPU
	EndGlobalSection
	GlobalSection(SolutionProperties) = preSolution
		HideSolutionNode = FALSE
	EndGlobalSection
	GlobalSection(ExtensibilityGlobals) = postSolution
		SolutionGuid = {38525688-7F5F-4516-A50C-5AAC45FF7E56}
	EndGlobalSection
EndGlobal
