
Microsoft Visual Studio Solution File, Format Version 12.00
# Visual Studio Version 17
VisualStudioVersion = 17.5.33502.453
MinimumVisualStudioVersion = 10.0.40219.1
Project("{FAE04EC0-301F-11D3-BF4B-00C04F79EFBC}") = "WindowsFormsMVVM", "WindowsFormsMVVM\WindowsFormsMVVM.csproj", "{3A1248D5-CA44-4092-A755-1589D7C56E4D}"
EndProject
Project("{9A19103F-16F7-4668-BE54-9A1E7A4F7556}") = "WinFormsApp1", "WinFormsApp1\WinFormsApp1.csproj", "{250CFBBC-40AD-4596-A6C9-D4886B7DCBDF}"
EndProject
Project("{FAE04EC0-301F-11D3-BF4B-00C04F79EFBC}") = "WindowsFormsApp1", "WindowsFormsApp1\WindowsFormsApp1.csproj", "{930123FF-4F3E-464C-9680-42FD95E8DE81}"
EndProject
Project("{FAE04EC0-301F-11D3-BF4B-00C04F79EFBC}") = "WindowsFormsMVVM2", "WindowsFormMVVM2\WindowsFormsMVVM2.csproj", "{34A719C2-2039-4F88-85A3-5E5DAFC84B1F}"
EndProject
Global
	GlobalSection(SolutionConfigurationPlatforms) = preSolution
		Debug|Any CPU = Debug|Any CPU
		Debug|ARM = Debug|ARM
		Debug|ARM64 = Debug|ARM64
		Debug|x64 = Debug|x64
		Debug|x86 = Debug|x86
		Release|Any CPU = Release|Any CPU
		Release|ARM = Release|ARM
		Release|ARM64 = Release|ARM64
		Release|x64 = Release|x64
		Release|x86 = Release|x86
	EndGlobalSection
	GlobalSection(ProjectConfigurationPlatforms) = postSolution
		{3A1248D5-CA44-4092-A755-1589D7C56E4D}.Debug|Any CPU.ActiveCfg = Debug|Any CPU
		{3A1248D5-CA44-4092-A755-1589D7C56E4D}.Debug|Any CPU.Build.0 = Debug|Any CPU
		{3A1248D5-CA44-4092-A755-1589D7C56E4D}.Debug|ARM.ActiveCfg = Debug|Any CPU
		{3A1248D5-CA44-4092-A755-1589D7C56E4D}.Debug|ARM.Build.0 = Debug|Any CPU
		{3A1248D5-CA44-4092-A755-1589D7C56E4D}.Debug|ARM64.ActiveCfg = Debug|Any CPU
		{3A1248D5-CA44-4092-A755-1589D7C56E4D}.Debug|ARM64.Build.0 = Debug|Any CPU
		{3A1248D5-CA44-4092-A755-1589D7C56E4D}.Debug|x64.ActiveCfg = Debug|Any CPU
		{3A1248D5-CA44-4092-A755-1589D7C56E4D}.Debug|x64.Build.0 = Debug|Any CPU
		{3A1248D5-CA44-4092-A755-1589D7C56E4D}.Debug|x86.ActiveCfg = Debug|Any CPU
		{3A1248D5-CA44-4092-A755-1589D7C56E4D}.Debug|x86.Build.0 = Debug|Any CPU
		{3A1248D5-CA44-4092-A755-1589D7C56E4D}.Release|Any CPU.ActiveCfg = Release|Any CPU
		{3A1248D5-CA44-4092-A755-1589D7C56E4D}.Release|Any CPU.Build.0 = Release|Any CPU
		{3A1248D5-CA44-4092-A755-1589D7C56E4D}.Release|ARM.ActiveCfg = Release|Any CPU
		{3A1248D5-CA44-4092-A755-1589D7C56E4D}.Release|ARM.Build.0 = Release|Any CPU
		{3A1248D5-CA44-4092-A755-1589D7C56E4D}.Release|ARM64.ActiveCfg = Release|Any CPU
		{3A1248D5-CA44-4092-A755-1589D7C56E4D}.Release|ARM64.Build.0 = Release|Any CPU
		{3A1248D5-CA44-4092-A755-1589D7C56E4D}.Release|x64.ActiveCfg = Release|Any CPU
		{3A1248D5-CA44-4092-A755-1589D7C56E4D}.Release|x64.Build.0 = Release|Any CPU
		{3A1248D5-CA44-4092-A755-1589D7C56E4D}.Release|x86.ActiveCfg = Release|Any CPU
		{3A1248D5-CA44-4092-A755-1589D7C56E4D}.Release|x86.Build.0 = Release|Any CPU
		{250CFBBC-40AD-4596-A6C9-D4886B7DCBDF}.Debug|Any CPU.ActiveCfg = Debug|Any CPU
		{250CFBBC-40AD-4596-A6C9-D4886B7DCBDF}.Debug|Any CPU.Build.0 = Debug|Any CPU
		{250CFBBC-40AD-4596-A6C9-D4886B7DCBDF}.Debug|ARM.ActiveCfg = Debug|Any CPU
		{250CFBBC-40AD-4596-A6C9-D4886B7DCBDF}.Debug|ARM.Build.0 = Debug|Any CPU
		{250CFBBC-40AD-4596-A6C9-D4886B7DCBDF}.Debug|ARM64.ActiveCfg = Debug|Any CPU
		{250CFBBC-40AD-4596-A6C9-D4886B7DCBDF}.Debug|ARM64.Build.0 = Debug|Any CPU
		{250CFBBC-40AD-4596-A6C9-D4886B7DCBDF}.Debug|x64.ActiveCfg = Debug|Any CPU
		{250CFBBC-40AD-4596-A6C9-D4886B7DCBDF}.Debug|x64.Build.0 = Debug|Any CPU
		{250CFBBC-40AD-4596-A6C9-D4886B7DCBDF}.Debug|x86.ActiveCfg = Debug|Any CPU
		{250CFBBC-40AD-4596-A6C9-D4886B7DCBDF}.Debug|x86.Build.0 = Debug|Any CPU
		{250CFBBC-40AD-4596-A6C9-D4886B7DCBDF}.Release|Any CPU.ActiveCfg = Release|Any CPU
		{250CFBBC-40AD-4596-A6C9-D4886B7DCBDF}.Release|Any CPU.Build.0 = Release|Any CPU
		{250CFBBC-40AD-4596-A6C9-D4886B7DCBDF}.Release|ARM.ActiveCfg = Release|Any CPU
		{250CFBBC-40AD-4596-A6C9-D4886B7DCBDF}.Release|ARM.Build.0 = Release|Any CPU
		{250CFBBC-40AD-4596-A6C9-D4886B7DCBDF}.Release|ARM64.ActiveCfg = Release|Any CPU
		{250CFBBC-40AD-4596-A6C9-D4886B7DCBDF}.Release|ARM64.Build.0 = Release|Any CPU
		{250CFBBC-40AD-4596-A6C9-D4886B7DCBDF}.Release|x64.ActiveCfg = Release|Any CPU
		{250CFBBC-40AD-4596-A6C9-D4886B7DCBDF}.Release|x64.Build.0 = Release|Any CPU
		{250CFBBC-40AD-4596-A6C9-D4886B7DCBDF}.Release|x86.ActiveCfg = Release|Any CPU
		{250CFBBC-40AD-4596-A6C9-D4886B7DCBDF}.Release|x86.Build.0 = Release|Any CPU
		{930123FF-4F3E-464C-9680-42FD95E8DE81}.Debug|Any CPU.ActiveCfg = Debug|Any CPU
		{930123FF-4F3E-464C-9680-42FD95E8DE81}.Debug|Any CPU.Build.0 = Debug|Any CPU
		{930123FF-4F3E-464C-9680-42FD95E8DE81}.Debug|ARM.ActiveCfg = Debug|Any CPU
		{930123FF-4F3E-464C-9680-42FD95E8DE81}.Debug|ARM.Build.0 = Debug|Any CPU
		{930123FF-4F3E-464C-9680-42FD95E8DE81}.Debug|ARM64.ActiveCfg = Debug|Any CPU
		{930123FF-4F3E-464C-9680-42FD95E8DE81}.Debug|ARM64.Build.0 = Debug|Any CPU
		{930123FF-4F3E-464C-9680-42FD95E8DE81}.Debug|x64.ActiveCfg = Debug|Any CPU
		{930123FF-4F3E-464C-9680-42FD95E8DE81}.Debug|x64.Build.0 = Debug|Any CPU
		{930123FF-4F3E-464C-9680-42FD95E8DE81}.Debug|x86.ActiveCfg = Debug|Any CPU
		{930123FF-4F3E-464C-9680-42FD95E8DE81}.Debug|x86.Build.0 = Debug|Any CPU
		{930123FF-4F3E-464C-9680-42FD95E8DE81}.Release|Any CPU.ActiveCfg = Release|Any CPU
		{930123FF-4F3E-464C-9680-42FD95E8DE81}.Release|Any CPU.Build.0 = Release|Any CPU
		{930123FF-4F3E-464C-9680-42FD95E8DE81}.Release|ARM.ActiveCfg = Release|Any CPU
		{930123FF-4F3E-464C-9680-42FD95E8DE81}.Release|ARM.Build.0 = Release|Any CPU
		{930123FF-4F3E-464C-9680-42FD95E8DE81}.Release|ARM64.ActiveCfg = Release|Any CPU
		{930123FF-4F3E-464C-9680-42FD95E8DE81}.Release|ARM64.Build.0 = Release|Any CPU
		{930123FF-4F3E-464C-9680-42FD95E8DE81}.Release|x64.ActiveCfg = Release|Any CPU
		{930123FF-4F3E-464C-9680-42FD95E8DE81}.Release|x64.Build.0 = Release|Any CPU
		{930123FF-4F3E-464C-9680-42FD95E8DE81}.Release|x86.ActiveCfg = Release|Any CPU
		{930123FF-4F3E-464C-9680-42FD95E8DE81}.Release|x86.Build.0 = Release|Any CPU
		{34A719C2-2039-4F88-85A3-5E5DAFC84B1F}.Debug|Any CPU.ActiveCfg = Debug|Any CPU
		{34A719C2-2039-4F88-85A3-5E5DAFC84B1F}.Debug|Any CPU.Build.0 = Debug|Any CPU
		{34A719C2-2039-4F88-85A3-5E5DAFC84B1F}.Debug|ARM.ActiveCfg = Debug|Any CPU
		{34A719C2-2039-4F88-85A3-5E5DAFC84B1F}.Debug|ARM.Build.0 = Debug|Any CPU
		{34A719C2-2039-4F88-85A3-5E5DAFC84B1F}.Debug|ARM64.ActiveCfg = Debug|Any CPU
		{34A719C2-2039-4F88-85A3-5E5DAFC84B1F}.Debug|ARM64.Build.0 = Debug|Any CPU
		{34A719C2-2039-4F88-85A3-5E5DAFC84B1F}.Debug|x64.ActiveCfg = Debug|Any CPU
		{34A719C2-2039-4F88-85A3-5E5DAFC84B1F}.Debug|x64.Build.0 = Debug|Any CPU
		{34A719C2-2039-4F88-85A3-5E5DAFC84B1F}.Debug|x86.ActiveCfg = Debug|Any CPU
		{34A719C2-2039-4F88-85A3-5E5DAFC84B1F}.Debug|x86.Build.0 = Debug|Any CPU
		{34A719C2-2039-4F88-85A3-5E5DAFC84B1F}.Release|Any CPU.ActiveCfg = Release|Any CPU
		{34A719C2-2039-4F88-85A3-5E5DAFC84B1F}.Release|Any CPU.Build.0 = Release|Any CPU
		{34A719C2-2039-4F88-85A3-5E5DAFC84B1F}.Release|ARM.ActiveCfg = Release|Any CPU
		{34A719C2-2039-4F88-85A3-5E5DAFC84B1F}.Release|ARM.Build.0 = Release|Any CPU
		{34A719C2-2039-4F88-85A3-5E5DAFC84B1F}.Release|ARM64.ActiveCfg = Release|Any CPU
		{34A719C2-2039-4F88-85A3-5E5DAFC84B1F}.Release|ARM64.Build.0 = Release|Any CPU
		{34A719C2-2039-4F88-85A3-5E5DAFC84B1F}.Release|x64.ActiveCfg = Release|Any CPU
		{34A719C2-2039-4F88-85A3-5E5DAFC84B1F}.Release|x64.Build.0 = Release|Any CPU
		{34A719C2-2039-4F88-85A3-5E5DAFC84B1F}.Release|x86.ActiveCfg = Release|Any CPU
		{34A719C2-2039-4F88-85A3-5E5DAFC84B1F}.Release|x86.Build.0 = Release|Any CPU
	EndGlobalSection
	GlobalSection(SolutionProperties) = preSolution
		HideSolutionNode = FALSE
	EndGlobalSection
	GlobalSection(ExtensibilityGlobals) = postSolution
		SolutionGuid = {38525688-7F5F-4516-A50C-5AAC45FF7E56}
	EndGlobalSection
EndGlobal
