
Microsoft Visual Studio Solution File, Format Version 12.00
# Visual Studio Version 17
VisualStudioVersion = 17.3.32922.545
MinimumVisualStudioVersion = 10.0.40219.1
Project("{54A90642-561A-4BB1-A94E-469ADEE60C69}") = "Angular_Frontend", "Angular_Frontend\Angular_Frontend.esproj", "{55A49FCB-9F47-4F16-8BE6-96985B46DC11}"
EndProject
Project("{FAE04EC0-301F-11D3-BF4B-00C04F79EFBC}") = "ASPNET_Backend", "ASPNET_Backend\ASPNET_Backend.csproj", "{467B5879-2539-496D-8518-F9001DEF3C78}"
EndProject
Global
	GlobalSection(SolutionConfigurationPlatforms) = preSolution
		Debug|Any CPU = Debug|Any CPU
		Release|Any CPU = Release|Any CPU
	EndGlobalSection
	GlobalSection(ProjectConfigurationPlatforms) = postSolution
		{55A49FCB-9F47-4F16-8BE6-96985B46DC11}.Debug|Any CPU.ActiveCfg = Debug|Any CPU
		{55A49FCB-9F47-4F16-8BE6-96985B46DC11}.Debug|Any CPU.Build.0 = Debug|Any CPU
		{55A49FCB-9F47-4F16-8BE6-96985B46DC11}.Debug|Any CPU.Deploy.0 = Debug|Any CPU
		{55A49FCB-9F47-4F16-8BE6-96985B46DC11}.Release|Any CPU.ActiveCfg = Release|Any CPU
		{55A49FCB-9F47-4F16-8BE6-96985B46DC11}.Release|Any CPU.Build.0 = Release|Any CPU
		{55A49FCB-9F47-4F16-8BE6-96985B46DC11}.Release|Any CPU.Deploy.0 = Release|Any CPU
		{467B5879-2539-496D-8518-F9001DEF3C78}.Debug|Any CPU.ActiveCfg = Debug|Any CPU
		{467B5879-2539-496D-8518-F9001DEF3C78}.Debug|Any CPU.Build.0 = Debug|Any CPU
		{467B5879-2539-496D-8518-F9001DEF3C78}.Release|Any CPU.ActiveCfg = Release|Any CPU
		{467B5879-2539-496D-8518-F9001DEF3C78}.Release|Any CPU.Build.0 = Release|Any CPU
	EndGlobalSection
	GlobalSection(SolutionProperties) = preSolution
		HideSolutionNode = FALSE
	EndGlobalSection
	GlobalSection(ExtensibilityGlobals) = postSolution
		SolutionGuid = {294CC3F3-3788-4FDA-81E4-62CC1F3EA6E6}
	EndGlobalSection
EndGlobal
