
Microsoft Visual Studio Solution File, Format Version 12.00
# Visual Studio 15
VisualStudioVersion = 15.0.27703.2042
MinimumVisualStudioVersion = 10.0.40219.1
Project("{FAE04EC0-301F-11D3-BF4B-00C04F79EFBC}") = "MVCApp", "MVCApp\MVCApp.csproj", "{D7531D4E-4803-447E-8413-33AF220CF16F}"
EndProject
Global
	GlobalSection(SolutionConfigurationPlatforms) = preSolution
		Debug|Any CPU = Debug|Any CPU
		Release|Any CPU = Release|Any CPU
	EndGlobalSection
	GlobalSection(ProjectConfigurationPlatforms) = postSolution
		{D7531D4E-4803-447E-8413-33AF220CF16F}.Debug|Any CPU.ActiveCfg = Debug|Any CPU
		{D7531D4E-4803-447E-8413-33AF220CF16F}.Debug|Any CPU.Build.0 = Debug|Any CPU
		{D7531D4E-4803-447E-8413-33AF220CF16F}.Release|Any CPU.ActiveCfg = Release|Any CPU
		{D7531D4E-4803-447E-8413-33AF220CF16F}.Release|Any CPU.Build.0 = Release|Any CPU
	EndGlobalSection
	GlobalSection(SolutionProperties) = preSolution
		HideSolutionNode = FALSE
	EndGlobalSection
	GlobalSection(ExtensibilityGlobals) = postSolution
		SolutionGuid = {CDF85E6D-139E-44C3-B626-8F044ECA4A43}
	EndGlobalSection
EndGlobal
