
Microsoft Visual Studio Solution File, Format Version 12.00
# Visual Studio Version 16
VisualStudioVersion = 16.0.30413.136
MinimumVisualStudioVersion = 10.0.40219.1
Project("{FAE04EC0-301F-11D3-BF4B-00C04F79EFBC}") = "UserControlSample", "UserControlSample\UserControlSample.csproj", "{2268100D-AB7F-49AF-A57A-153FA7A5F43F}"
EndProject
Project("{FAE04EC0-301F-11D3-BF4B-00C04F79EFBC}") = "ExpandControl", "ExpandControl\ExpandControl.csproj", "{F0F31806-EBB4-44F2-8417-BB3845A0965A}"
EndProject
Global
	GlobalSection(SolutionConfigurationPlatforms) = preSolution
		Debug|Any CPU = Debug|Any CPU
		Release|Any CPU = Release|Any CPU
	EndGlobalSection
	GlobalSection(ProjectConfigurationPlatforms) = postSolution
		{2268100D-AB7F-49AF-A57A-153FA7A5F43F}.Debug|Any CPU.ActiveCfg = Debug|Any CPU
		{2268100D-AB7F-49AF-A57A-153FA7A5F43F}.Debug|Any CPU.Build.0 = Debug|Any CPU
		{2268100D-AB7F-49AF-A57A-153FA7A5F43F}.Release|Any CPU.ActiveCfg = Release|Any CPU
		{2268100D-AB7F-49AF-A57A-153FA7A5F43F}.Release|Any CPU.Build.0 = Release|Any CPU
		{F0F31806-EBB4-44F2-8417-BB3845A0965A}.Debug|Any CPU.ActiveCfg = Debug|Any CPU
		{F0F31806-EBB4-44F2-8417-BB3845A0965A}.Debug|Any CPU.Build.0 = Debug|Any CPU
		{F0F31806-EBB4-44F2-8417-BB3845A0965A}.Release|Any CPU.ActiveCfg = Release|Any CPU
		{F0F31806-EBB4-44F2-8417-BB3845A0965A}.Release|Any CPU.Build.0 = Release|Any CPU
	EndGlobalSection
	GlobalSection(SolutionProperties) = preSolution
		HideSolutionNode = FALSE
	EndGlobalSection
	GlobalSection(ExtensibilityGlobals) = postSolution
		SolutionGuid = {EB3CF2E9-BD32-4FDA-A202-6406D09862AC}
	EndGlobalSection
EndGlobal
