
Microsoft Visual Studio Solution File, Format Version 12.00
# Visual Studio 15
VisualStudioVersion = 15.0.28307.1062
MinimumVisualStudioVersion = 10.0.40219.1
Project("{FAE04EC0-301F-11D3-BF4B-00C04F79EFBC}") = "Form4GoogleAppScript", "Form4GoogleAppScript\Form4GoogleAppScript.csproj", "{2FB67AB6-E217-45AC-981D-5B7ED7BF2410}"
EndProject
Global
	GlobalSection(SolutionConfigurationPlatforms) = preSolution
		Debug|Any CPU = Debug|Any CPU
		Release|Any CPU = Release|Any CPU
	EndGlobalSection
	GlobalSection(ProjectConfigurationPlatforms) = postSolution
		{2FB67AB6-E217-45AC-981D-5B7ED7BF2410}.Debug|Any CPU.ActiveCfg = Debug|Any CPU
		{2FB67AB6-E217-45AC-981D-5B7ED7BF2410}.Debug|Any CPU.Build.0 = Debug|Any CPU
		{2FB67AB6-E217-45AC-981D-5B7ED7BF2410}.Release|Any CPU.ActiveCfg = Release|Any CPU
		{2FB67AB6-E217-45AC-981D-5B7ED7BF2410}.Release|Any CPU.Build.0 = Release|Any CPU
	EndGlobalSection
	GlobalSection(SolutionProperties) = preSolution
		HideSolutionNode = FALSE
	EndGlobalSection
	GlobalSection(ExtensibilityGlobals) = postSolution
		SolutionGuid = {1A387AEA-0210-4B90-8842-7C41BF689623}
	EndGlobalSection
EndGlobal
