
Microsoft Visual Studio Solution File, Format Version 12.00
# Visual Studio 15
VisualStudioVersion = 15.0.28307.645
MinimumVisualStudioVersion = 10.0.40219.1
Project("{FAE04EC0-301F-11D3-BF4B-00C04F79EFBC}") = "WpfApp", "WpfApp\WpfApp.csproj", "{095ACB1E-1475-44DE-9877-F3E26D65413F}"
EndProject
Global
	GlobalSection(SolutionConfigurationPlatforms) = preSolution
		Debug|Any CPU = Debug|Any CPU
		Release|Any CPU = Release|Any CPU
	EndGlobalSection
	GlobalSection(ProjectConfigurationPlatforms) = postSolution
		{095ACB1E-1475-44DE-9877-F3E26D65413F}.Debug|Any CPU.ActiveCfg = Debug|Any CPU
		{095ACB1E-1475-44DE-9877-F3E26D65413F}.Debug|Any CPU.Build.0 = Debug|Any CPU
		{095ACB1E-1475-44DE-9877-F3E26D65413F}.Release|Any CPU.ActiveCfg = Release|Any CPU
		{095ACB1E-1475-44DE-9877-F3E26D65413F}.Release|Any CPU.Build.0 = Release|Any CPU
	EndGlobalSection
	GlobalSection(SolutionProperties) = preSolution
		HideSolutionNode = FALSE
	EndGlobalSection
	GlobalSection(ExtensibilityGlobals) = postSolution
		SolutionGuid = {E9D8014F-7838-4039-8D61-D9C977C0B44E}
	EndGlobalSection
EndGlobal
