
Microsoft Visual Studio Solution File, Format Version 12.00
# Visual Studio Version 16
VisualStudioVersion = 16.0.30804.86
MinimumVisualStudioVersion = 10.0.40219.1
Project("{FAE04EC0-301F-11D3-BF4B-00C04F79EFBC}") = "WpfApp", "WpfApp\WpfApp.csproj", "{095ACB1E-1475-44DE-9877-F3E26D65413F}"
EndProject
Project("{FAE04EC0-301F-11D3-BF4B-00C04F79EFBC}") = "WpfApp1", "WpfApp1\WpfApp1.csproj", "{BE94CDA2-DC15-4C7B-A193-EEAC62A6645F}"
EndProject
Project("{FAE04EC0-301F-11D3-BF4B-00C04F79EFBC}") = "WpfApp3", "WpfApp3\WpfApp3.csproj", "{01C3B9BC-F8F7-41F5-9674-1DCE6497896C}"
EndProject
Project("{FAE04EC0-301F-11D3-BF4B-00C04F79EFBC}") = "UWPApp1", "UWPApp1\UWPApp1.csproj", "{F8605A54-6C6E-4155-A7A3-D9BB2B584EBB}"
EndProject
Project("{FAE04EC0-301F-11D3-BF4B-00C04F79EFBC}") = "WpfApp4", "WpfApp4\WpfApp4.csproj", "{3AB5087B-9423-437B-BD98-1DBDF9AFB997}"
EndProject
Global
	GlobalSection(SolutionConfigurationPlatforms) = preSolution
		Debug|Any CPU = Debug|Any CPU
		Debug|ARM = Debug|ARM
		Debug|ARM64 = Debug|ARM64
		Debug|x64 = Debug|x64
		Debug|x86 = Debug|x86
		Release|Any CPU = Release|Any CPU
		Release|ARM = Release|ARM
		Release|ARM64 = Release|ARM64
		Release|x64 = Release|x64
		Release|x86 = Release|x86
	EndGlobalSection
	GlobalSection(ProjectConfigurationPlatforms) = postSolution
		{095ACB1E-1475-44DE-9877-F3E26D65413F}.Debug|Any CPU.ActiveCfg = Debug|Any CPU
		{095ACB1E-1475-44DE-9877-F3E26D65413F}.Debug|Any CPU.Build.0 = Debug|Any CPU
		{095ACB1E-1475-44DE-9877-F3E26D65413F}.Debug|ARM.ActiveCfg = Debug|Any CPU
		{095ACB1E-1475-44DE-9877-F3E26D65413F}.Debug|ARM.Build.0 = Debug|Any CPU
		{095ACB1E-1475-44DE-9877-F3E26D65413F}.Debug|ARM64.ActiveCfg = Debug|Any CPU
		{095ACB1E-1475-44DE-9877-F3E26D65413F}.Debug|ARM64.Build.0 = Debug|Any CPU
		{095ACB1E-1475-44DE-9877-F3E26D65413F}.Debug|x64.ActiveCfg = Debug|Any CPU
		{095ACB1E-1475-44DE-9877-F3E26D65413F}.Debug|x64.Build.0 = Debug|Any CPU
		{095ACB1E-1475-44DE-9877-F3E26D65413F}.Debug|x86.ActiveCfg = Debug|Any CPU
		{095ACB1E-1475-44DE-9877-F3E26D65413F}.Debug|x86.Build.0 = Debug|Any CPU
		{095ACB1E-1475-44DE-9877-F3E26D65413F}.Release|Any CPU.ActiveCfg = Release|Any CPU
		{095ACB1E-1475-44DE-9877-F3E26D65413F}.Release|Any CPU.Build.0 = Release|Any CPU
		{095ACB1E-1475-44DE-9877-F3E26D65413F}.Release|ARM.ActiveCfg = Release|Any CPU
		{095ACB1E-1475-44DE-9877-F3E26D65413F}.Release|ARM.Build.0 = Release|Any CPU
		{095ACB1E-1475-44DE-9877-F3E26D65413F}.Release|ARM64.ActiveCfg = Release|Any CPU
		{095ACB1E-1475-44DE-9877-F3E26D65413F}.Release|ARM64.Build.0 = Release|Any CPU
		{095ACB1E-1475-44DE-9877-F3E26D65413F}.Release|x64.ActiveCfg = Release|Any CPU
		{095ACB1E-1475-44DE-9877-F3E26D65413F}.Release|x64.Build.0 = Release|Any CPU
		{095ACB1E-1475-44DE-9877-F3E26D65413F}.Release|x86.ActiveCfg = Release|Any CPU
		{095ACB1E-1475-44DE-9877-F3E26D65413F}.Release|x86.Build.0 = Release|Any CPU
		{BE94CDA2-DC15-4C7B-A193-EEAC62A6645F}.Debug|Any CPU.ActiveCfg = Debug|Any CPU
		{BE94CDA2-DC15-4C7B-A193-EEAC62A6645F}.Debug|Any CPU.Build.0 = Debug|Any CPU
		{BE94CDA2-DC15-4C7B-A193-EEAC62A6645F}.Debug|ARM.ActiveCfg = Debug|Any CPU
		{BE94CDA2-DC15-4C7B-A193-EEAC62A6645F}.Debug|ARM.Build.0 = Debug|Any CPU
		{BE94CDA2-DC15-4C7B-A193-EEAC62A6645F}.Debug|ARM64.ActiveCfg = Debug|Any CPU
		{BE94CDA2-DC15-4C7B-A193-EEAC62A6645F}.Debug|ARM64.Build.0 = Debug|Any CPU
		{BE94CDA2-DC15-4C7B-A193-EEAC62A6645F}.Debug|x64.ActiveCfg = Debug|Any CPU
		{BE94CDA2-DC15-4C7B-A193-EEAC62A6645F}.Debug|x64.Build.0 = Debug|Any CPU
		{BE94CDA2-DC15-4C7B-A193-EEAC62A6645F}.Debug|x86.ActiveCfg = Debug|Any CPU
		{BE94CDA2-DC15-4C7B-A193-EEAC62A6645F}.Debug|x86.Build.0 = Debug|Any CPU
		{BE94CDA2-DC15-4C7B-A193-EEAC62A6645F}.Release|Any CPU.ActiveCfg = Release|Any CPU
		{BE94CDA2-DC15-4C7B-A193-EEAC62A6645F}.Release|Any CPU.Build.0 = Release|Any CPU
		{BE94CDA2-DC15-4C7B-A193-EEAC62A6645F}.Release|ARM.ActiveCfg = Release|Any CPU
		{BE94CDA2-DC15-4C7B-A193-EEAC62A6645F}.Release|ARM.Build.0 = Release|Any CPU
		{BE94CDA2-DC15-4C7B-A193-EEAC62A6645F}.Release|ARM64.ActiveCfg = Release|Any CPU
		{BE94CDA2-DC15-4C7B-A193-EEAC62A6645F}.Release|ARM64.Build.0 = Release|Any CPU
		{BE94CDA2-DC15-4C7B-A193-EEAC62A6645F}.Release|x64.ActiveCfg = Release|Any CPU
		{BE94CDA2-DC15-4C7B-A193-EEAC62A6645F}.Release|x64.Build.0 = Release|Any CPU
		{BE94CDA2-DC15-4C7B-A193-EEAC62A6645F}.Release|x86.ActiveCfg = Release|Any CPU
		{BE94CDA2-DC15-4C7B-A193-EEAC62A6645F}.Release|x86.Build.0 = Release|Any CPU
		{01C3B9BC-F8F7-41F5-9674-1DCE6497896C}.Debug|Any CPU.ActiveCfg = Debug|Any CPU
		{01C3B9BC-F8F7-41F5-9674-1DCE6497896C}.Debug|Any CPU.Build.0 = Debug|Any CPU
		{01C3B9BC-F8F7-41F5-9674-1DCE6497896C}.Debug|ARM.ActiveCfg = Debug|Any CPU
		{01C3B9BC-F8F7-41F5-9674-1DCE6497896C}.Debug|ARM.Build.0 = Debug|Any CPU
		{01C3B9BC-F8F7-41F5-9674-1DCE6497896C}.Debug|ARM64.ActiveCfg = Debug|Any CPU
		{01C3B9BC-F8F7-41F5-9674-1DCE6497896C}.Debug|ARM64.Build.0 = Debug|Any CPU
		{01C3B9BC-F8F7-41F5-9674-1DCE6497896C}.Debug|x64.ActiveCfg = Debug|Any CPU
		{01C3B9BC-F8F7-41F5-9674-1DCE6497896C}.Debug|x64.Build.0 = Debug|Any CPU
		{01C3B9BC-F8F7-41F5-9674-1DCE6497896C}.Debug|x86.ActiveCfg = Debug|Any CPU
		{01C3B9BC-F8F7-41F5-9674-1DCE6497896C}.Debug|x86.Build.0 = Debug|Any CPU
		{01C3B9BC-F8F7-41F5-9674-1DCE6497896C}.Release|Any CPU.ActiveCfg = Release|Any CPU
		{01C3B9BC-F8F7-41F5-9674-1DCE6497896C}.Release|Any CPU.Build.0 = Release|Any CPU
		{01C3B9BC-F8F7-41F5-9674-1DCE6497896C}.Release|ARM.ActiveCfg = Release|Any CPU
		{01C3B9BC-F8F7-41F5-9674-1DCE6497896C}.Release|ARM.Build.0 = Release|Any CPU
		{01C3B9BC-F8F7-41F5-9674-1DCE6497896C}.Release|ARM64.ActiveCfg = Release|Any CPU
		{01C3B9BC-F8F7-41F5-9674-1DCE6497896C}.Release|ARM64.Build.0 = Release|Any CPU
		{01C3B9BC-F8F7-41F5-9674-1DCE6497896C}.Release|x64.ActiveCfg = Release|Any CPU
		{01C3B9BC-F8F7-41F5-9674-1DCE6497896C}.Release|x64.Build.0 = Release|Any CPU
		{01C3B9BC-F8F7-41F5-9674-1DCE6497896C}.Release|x86.ActiveCfg = Release|Any CPU
		{01C3B9BC-F8F7-41F5-9674-1DCE6497896C}.Release|x86.Build.0 = Release|Any CPU
		{F8605A54-6C6E-4155-A7A3-D9BB2B584EBB}.Debug|Any CPU.ActiveCfg = Debug|x86
		{F8605A54-6C6E-4155-A7A3-D9BB2B584EBB}.Debug|ARM.ActiveCfg = Debug|ARM
		{F8605A54-6C6E-4155-A7A3-D9BB2B584EBB}.Debug|ARM.Build.0 = Debug|ARM
		{F8605A54-6C6E-4155-A7A3-D9BB2B584EBB}.Debug|ARM.Deploy.0 = Debug|ARM
		{F8605A54-6C6E-4155-A7A3-D9BB2B584EBB}.Debug|ARM64.ActiveCfg = Debug|ARM64
		{F8605A54-6C6E-4155-A7A3-D9BB2B584EBB}.Debug|ARM64.Build.0 = Debug|ARM64
		{F8605A54-6C6E-4155-A7A3-D9BB2B584EBB}.Debug|ARM64.Deploy.0 = Debug|ARM64
		{F8605A54-6C6E-4155-A7A3-D9BB2B584EBB}.Debug|x64.ActiveCfg = Debug|x64
		{F8605A54-6C6E-4155-A7A3-D9BB2B584EBB}.Debug|x64.Build.0 = Debug|x64
		{F8605A54-6C6E-4155-A7A3-D9BB2B584EBB}.Debug|x64.Deploy.0 = Debug|x64
		{F8605A54-6C6E-4155-A7A3-D9BB2B584EBB}.Debug|x86.ActiveCfg = Debug|x86
		{F8605A54-6C6E-4155-A7A3-D9BB2B584EBB}.Debug|x86.Build.0 = Debug|x86
		{F8605A54-6C6E-4155-A7A3-D9BB2B584EBB}.Debug|x86.Deploy.0 = Debug|x86
		{F8605A54-6C6E-4155-A7A3-D9BB2B584EBB}.Release|Any CPU.ActiveCfg = Release|x86
		{F8605A54-6C6E-4155-A7A3-D9BB2B584EBB}.Release|ARM.ActiveCfg = Release|ARM
		{F8605A54-6C6E-4155-A7A3-D9BB2B584EBB}.Release|ARM.Build.0 = Release|ARM
		{F8605A54-6C6E-4155-A7A3-D9BB2B584EBB}.Release|ARM.Deploy.0 = Release|ARM
		{F8605A54-6C6E-4155-A7A3-D9BB2B584EBB}.Release|ARM64.ActiveCfg = Release|ARM64
		{F8605A54-6C6E-4155-A7A3-D9BB2B584EBB}.Release|ARM64.Build.0 = Release|ARM64
		{F8605A54-6C6E-4155-A7A3-D9BB2B584EBB}.Release|ARM64.Deploy.0 = Release|ARM64
		{F8605A54-6C6E-4155-A7A3-D9BB2B584EBB}.Release|x64.ActiveCfg = Release|x64
		{F8605A54-6C6E-4155-A7A3-D9BB2B584EBB}.Release|x64.Build.0 = Release|x64
		{F8605A54-6C6E-4155-A7A3-D9BB2B584EBB}.Release|x64.Deploy.0 = Release|x64
		{F8605A54-6C6E-4155-A7A3-D9BB2B584EBB}.Release|x86.ActiveCfg = Release|x86
		{F8605A54-6C6E-4155-A7A3-D9BB2B584EBB}.Release|x86.Build.0 = Release|x86
		{F8605A54-6C6E-4155-A7A3-D9BB2B584EBB}.Release|x86.Deploy.0 = Release|x86
		{3AB5087B-9423-437B-BD98-1DBDF9AFB997}.Debug|Any CPU.ActiveCfg = Debug|Any CPU
		{3AB5087B-9423-437B-BD98-1DBDF9AFB997}.Debug|Any CPU.Build.0 = Debug|Any CPU
		{3AB5087B-9423-437B-BD98-1DBDF9AFB997}.Debug|ARM.ActiveCfg = Debug|Any CPU
		{3AB5087B-9423-437B-BD98-1DBDF9AFB997}.Debug|ARM.Build.0 = Debug|Any CPU
		{3AB5087B-9423-437B-BD98-1DBDF9AFB997}.Debug|ARM64.ActiveCfg = Debug|Any CPU
		{3AB5087B-9423-437B-BD98-1DBDF9AFB997}.Debug|ARM64.Build.0 = Debug|Any CPU
		{3AB5087B-9423-437B-BD98-1DBDF9AFB997}.Debug|x64.ActiveCfg = Debug|Any CPU
		{3AB5087B-9423-437B-BD98-1DBDF9AFB997}.Debug|x64.Build.0 = Debug|Any CPU
		{3AB5087B-9423-437B-BD98-1DBDF9AFB997}.Debug|x86.ActiveCfg = Debug|Any CPU
		{3AB5087B-9423-437B-BD98-1DBDF9AFB997}.Debug|x86.Build.0 = Debug|Any CPU
		{3AB5087B-9423-437B-BD98-1DBDF9AFB997}.Release|Any CPU.ActiveCfg = Release|Any CPU
		{3AB5087B-9423-437B-BD98-1DBDF9AFB997}.Release|Any CPU.Build.0 = Release|Any CPU
		{3AB5087B-9423-437B-BD98-1DBDF9AFB997}.Release|ARM.ActiveCfg = Release|Any CPU
		{3AB5087B-9423-437B-BD98-1DBDF9AFB997}.Release|ARM.Build.0 = Release|Any CPU
		{3AB5087B-9423-437B-BD98-1DBDF9AFB997}.Release|ARM64.ActiveCfg = Release|Any CPU
		{3AB5087B-9423-437B-BD98-1DBDF9AFB997}.Release|ARM64.Build.0 = Release|Any CPU
		{3AB5087B-9423-437B-BD98-1DBDF9AFB997}.Release|x64.ActiveCfg = Release|Any CPU
		{3AB5087B-9423-437B-BD98-1DBDF9AFB997}.Release|x64.Build.0 = Release|Any CPU
		{3AB5087B-9423-437B-BD98-1DBDF9AFB997}.Release|x86.ActiveCfg = Release|Any CPU
		{3AB5087B-9423-437B-BD98-1DBDF9AFB997}.Release|x86.Build.0 = Release|Any CPU
	EndGlobalSection
	GlobalSection(SolutionProperties) = preSolution
		HideSolutionNode = FALSE
	EndGlobalSection
	GlobalSection(ExtensibilityGlobals) = postSolution
		SolutionGuid = {E9D8014F-7838-4039-8D61-D9C977C0B44E}
	EndGlobalSection
EndGlobal
